// !$*UTF8*$!
{
	archiveVersion = 1;
	classes = {
	};
	objectVersion = 46;
	objects = {

/* Begin PBXBuildFile section */
		21EBD2201CB4E6B2005609D9 /* main.m in Sources */ = {isa = PBXBuildFile; fileRef = 21EBD21F1CB4E6B2005609D9 /* main.m */; };
		21EBD2231CB4E6B2005609D9 /* AppDelegate.m in Sources */ = {isa = PBXBuildFile; fileRef = 21EBD2221CB4E6B2005609D9 /* AppDelegate.m */; };
		21EBD2261CB4E6B2005609D9 /* ViewController.m in Sources */ = {isa = PBXBuildFile; fileRef = 21EBD2251CB4E6B2005609D9 /* ViewController.m */; };
		21EBD2291CB4E6B2005609D9 /* Main.storyboard in Resources */ = {isa = PBXBuildFile; fileRef = 21EBD2271CB4E6B2005609D9 /* Main.storyboard */; };
		21EBD22B1CB4E6B2005609D9 /* Assets.xcassets in Resources */ = {isa = PBXBuildFile; fileRef = 21EBD22A1CB4E6B2005609D9 /* Assets.xcassets */; };
		21EBD22E1CB4E6B2005609D9 /* LaunchScreen.storyboard in Resources */ = {isa = PBXBuildFile; fileRef = 21EBD22C1CB4E6B2005609D9 /* LaunchScreen.storyboard */; };
		21EBD2391CB4E6B2005609D9 /* LunboTests.m in Sources */ = {isa = PBXBuildFile; fileRef = 21EBD2381CB4E6B2005609D9 /* LunboTests.m */; };
		21EBD2441CB4E6B2005609D9 /* LunboUITests.m in Sources */ = {isa = PBXBuildFile; fileRef = 21EBD2431CB4E6B2005609D9 /* LunboUITests.m */; };
		21EBD2541CB4E6E1005609D9 /* ScrollModel.m in Sources */ = {isa = PBXBuildFile; fileRef = 21EBD2531CB4E6E1005609D9 /* ScrollModel.m */; };
		21EBD26A1CB4E7D9005609D9 /* AFHTTPRequestOperation.m in Sources */ = {isa = PBXBuildFile; fileRef = 21EBD2581CB4E7D9005609D9 /* AFHTTPRequestOperation.m */; };
		21EBD26B1CB4E7D9005609D9 /* AFHTTPRequestOperationManager.m in Sources */ = {isa = PBXBuildFile; fileRef = 21EBD25A1CB4E7D9005609D9 /* AFHTTPRequestOperationManager.m */; };
		21EBD26C1CB4E7D9005609D9 /* AFHTTPSessionManager.m in Sources */ = {isa = PBXBuildFile; fileRef = 21EBD25C1CB4E7D9005609D9 /* AFHTTPSessionManager.m */; };
		21EBD26D1CB4E7D9005609D9 /* AFNetworkReachabilityManager.m in Sources */ = {isa = PBXBuildFile; fileRef = 21EBD25F1CB4E7D9005609D9 /* AFNetworkReachabilityManager.m */; };
		21EBD26E1CB4E7D9005609D9 /* AFSecurityPolicy.m in Sources */ = {isa = PBXBuildFile; fileRef = 21EBD2611CB4E7D9005609D9 /* AFSecurityPolicy.m */; };
		21EBD26F1CB4E7D9005609D9 /* AFURLConnectionOperation.m in Sources */ = {isa = PBXBuildFile; fileRef = 21EBD2631CB4E7D9005609D9 /* AFURLConnectionOperation.m */; };
		21EBD2701CB4E7D9005609D9 /* AFURLRequestSerialization.m in Sources */ = {isa = PBXBuildFile; fileRef = 21EBD2651CB4E7D9005609D9 /* AFURLRequestSerialization.m */; };
		21EBD2711CB4E7D9005609D9 /* AFURLResponseSerialization.m in Sources */ = {isa = PBXBuildFile; fileRef = 21EBD2671CB4E7D9005609D9 /* AFURLResponseSerialization.m */; };
		21EBD2721CB4E7D9005609D9 /* AFURLSessionManager.m in Sources */ = {isa = PBXBuildFile; fileRef = 21EBD2691CB4E7D9005609D9 /* AFURLSessionManager.m */; };
		21EBD2911CB4E7E1005609D9 /* NSData+ImageContentType.m in Sources */ = {isa = PBXBuildFile; fileRef = 21EBD2751CB4E7E1005609D9 /* NSData+ImageContentType.m */; };
		21EBD2921CB4E7E1005609D9 /* SDImageCache.m in Sources */ = {isa = PBXBuildFile; fileRef = 21EBD2771CB4E7E1005609D9 /* SDImageCache.m */; };
		21EBD2931CB4E7E1005609D9 /* SDWebImageCompat.m in Sources */ = {isa = PBXBuildFile; fileRef = 21EBD2791CB4E7E1005609D9 /* SDWebImageCompat.m */; };
		21EBD2941CB4E7E1005609D9 /* SDWebImageDecoder.m in Sources */ = {isa = PBXBuildFile; fileRef = 21EBD27B1CB4E7E1005609D9 /* SDWebImageDecoder.m */; };
		21EBD2951CB4E7E1005609D9 /* SDWebImageDownloader.m in Sources */ = {isa = PBXBuildFile; fileRef = 21EBD27D1CB4E7E1005609D9 /* SDWebImageDownloader.m */; };
		21EBD2961CB4E7E1005609D9 /* SDWebImageDownloaderOperation.m in Sources */ = {isa = PBXBuildFile; fileRef = 21EBD27F1CB4E7E1005609D9 /* SDWebImageDownloaderOperation.m */; };
		21EBD2971CB4E7E1005609D9 /* SDWebImageManager.m in Sources */ = {isa = PBXBuildFile; fileRef = 21EBD2811CB4E7E1005609D9 /* SDWebImageManager.m */; };
		21EBD2981CB4E7E1005609D9 /* SDWebImagePrefetcher.m in Sources */ = {isa = PBXBuildFile; fileRef = 21EBD2841CB4E7E1005609D9 /* SDWebImagePrefetcher.m */; };
		21EBD2991CB4E7E1005609D9 /* UIButton+WebCache.m in Sources */ = {isa = PBXBuildFile; fileRef = 21EBD2861CB4E7E1005609D9 /* UIButton+WebCache.m */; };
		21EBD29A1CB4E7E1005609D9 /* UIImage+GIF.m in Sources */ = {isa = PBXBuildFile; fileRef = 21EBD2881CB4E7E1005609D9 /* UIImage+GIF.m */; };
		21EBD29B1CB4E7E1005609D9 /* UIImage+MultiFormat.m in Sources */ = {isa = PBXBuildFile; fileRef = 21EBD28A1CB4E7E1005609D9 /* UIImage+MultiFormat.m */; };
		21EBD29C1CB4E7E1005609D9 /* UIImageView+HighlightedWebCache.m in Sources */ = {isa = PBXBuildFile; fileRef = 21EBD28C1CB4E7E1005609D9 /* UIImageView+HighlightedWebCache.m */; };
		21EBD29D1CB4E7E1005609D9 /* UIImageView+WebCache.m in Sources */ = {isa = PBXBuildFile; fileRef = 21EBD28E1CB4E7E1005609D9 /* UIImageView+WebCache.m */; };
		21EBD29E1CB4E7E1005609D9 /* UIView+WebCacheOperation.m in Sources */ = {isa = PBXBuildFile; fileRef = 21EBD2901CB4E7E1005609D9 /* UIView+WebCacheOperation.m */; };
		21EBD2A11CB4F119005609D9 /* MenuModel.m in Sources */ = {isa = PBXBuildFile; fileRef = 21EBD2A01CB4F119005609D9 /* MenuModel.m */; };
		21EBD2AB1CB4FA7F005609D9 /* 8.png in Resources */ = {isa = PBXBuildFile; fileRef = 21EBD2A31CB4FA7F005609D9 /* 8.png */; };
		21EBD2AC1CB4FA7F005609D9 /* 6.png in Resources */ = {isa = PBXBuildFile; fileRef = 21EBD2A41CB4FA7F005609D9 /* 6.png */; };
		21EBD2AD1CB4FA7F005609D9 /* 7.png in Resources */ = {isa = PBXBuildFile; fileRef = 21EBD2A51CB4FA7F005609D9 /* 7.png */; };
		21EBD2AE1CB4FA7F005609D9 /* 5.png in Resources */ = {isa = PBXBuildFile; fileRef = 21EBD2A61CB4FA7F005609D9 /* 5.png */; };
		21EBD2AF1CB4FA7F005609D9 /* 1.png in Resources */ = {isa = PBXBuildFile; fileRef = 21EBD2A71CB4FA7F005609D9 /* 1.png */; };
		21EBD2B01CB4FA7F005609D9 /* 2.png in Resources */ = {isa = PBXBuildFile; fileRef = 21EBD2A81CB4FA7F005609D9 /* 2.png */; };
		21EBD2B11CB4FA7F005609D9 /* 3.png in Resources */ = {isa = PBXBuildFile; fileRef = 21EBD2A91CB4FA7F005609D9 /* 3.png */; };
		21EBD2B21CB4FA7F005609D9 /* 4.png in Resources */ = {isa = PBXBuildFile; fileRef = 21EBD2AA1CB4FA7F005609D9 /* 4.png */; };
		21EBD2B41CB4FE97005609D9 /* 9.png in Resources */ = {isa = PBXBuildFile; fileRef = 21EBD2B31CB4FE97005609D9 /* 9.png */; };
		21EBD2BC1CB50119005609D9 /* ActionView.m in Sources */ = {isa = PBXBuildFile; fileRef = 21EBD2BB1CB50119005609D9 /* ActionView.m */; };
		21EBD2BE1CB50125005609D9 /* ActionView.xib in Resources */ = {isa = PBXBuildFile; fileRef = 21EBD2BD1CB50125005609D9 /* ActionView.xib */; };
/* End PBXBuildFile section */

/* Begin PBXContainerItemProxy section */
		21EBD2351CB4E6B2005609D9 /* PBXContainerItemProxy */ = {
			isa = PBXContainerItemProxy;
			containerPortal = 21EBD2131CB4E6B2005609D9 /* Project object */;
			proxyType = 1;
			remoteGlobalIDString = 21EBD21A1CB4E6B2005609D9;
			remoteInfo = Lunbo;
		};
		21EBD2401CB4E6B2005609D9 /* PBXContainerItemProxy */ = {
			isa = PBXContainerItemProxy;
			containerPortal = 21EBD2131CB4E6B2005609D9 /* Project object */;
			proxyType = 1;
			remoteGlobalIDString = 21EBD21A1CB4E6B2005609D9;
			remoteInfo = Lunbo;
		};
/* End PBXContainerItemProxy section */

/* Begin PBXFileReference section */
		21EBD21B1CB4E6B2005609D9 /* Lunbo.app */ = {isa = PBXFileReference; explicitFileType = wrapper.application; includeInIndex = 0; path = Lunbo.app; sourceTree = BUILT_PRODUCTS_DIR; };
		21EBD21F1CB4E6B2005609D9 /* main.m */ = {isa = PBXFileReference; lastKnownFileType = sourcecode.c.objc; path = main.m; sourceTree = "<group>"; };
		21EBD2211CB4E6B2005609D9 /* AppDelegate.h */ = {isa = PBXFileReference; lastKnownFileType = sourcecode.c.h; path = AppDelegate.h; sourceTree = "<group>"; };
		21EBD2221CB4E6B2005609D9 /* AppDelegate.m */ = {isa = PBXFileReference; lastKnownFileType = sourcecode.c.objc; path = AppDelegate.m; sourceTree = "<group>"; };
		21EBD2241CB4E6B2005609D9 /* ViewController.h */ = {isa = PBXFileReference; lastKnownFileType = sourcecode.c.h; path = ViewController.h; sourceTree = "<group>"; };
		21EBD2251CB4E6B2005609D9 /* ViewController.m */ = {isa = PBXFileReference; lastKnownFileType = sourcecode.c.objc; path = ViewController.m; sourceTree = "<group>"; };
		21EBD2281CB4E6B2005609D9 /* Base */ = {isa = PBXFileReference; lastKnownFileType = file.storyboard; name = Base; path = Base.lproj/Main.storyboard; sourceTree = "<group>"; };
		21EBD22A1CB4E6B2005609D9 /* Assets.xcassets */ = {isa = PBXFileReference; lastKnownFileType = folder.assetcatalog; path = Assets.xcassets; sourceTree = "<group>"; };
		21EBD22D1CB4E6B2005609D9 /* Base */ = {isa = PBXFileReference; lastKnownFileType = file.storyboard; name = Base; path = Base.lproj/LaunchScreen.storyboard; sourceTree = "<group>"; };
		21EBD22F1CB4E6B2005609D9 /* Info.plist */ = {isa = PBXFileReference; lastKnownFileType = text.plist.xml; path = Info.plist; sourceTree = "<group>"; };
		21EBD2341CB4E6B2005609D9 /* LunboTests.xctest */ = {isa = PBXFileReference; explicitFileType = wrapper.cfbundle; includeInIndex = 0; path = LunboTests.xctest; sourceTree = BUILT_PRODUCTS_DIR; };
		21EBD2381CB4E6B2005609D9 /* LunboTests.m */ = {isa = PBXFileReference; lastKnownFileType = sourcecode.c.objc; path = LunboTests.m; sourceTree = "<group>"; };
		21EBD23A1CB4E6B2005609D9 /* Info.plist */ = {isa = PBXFileReference; lastKnownFileType = text.plist.xml; path = Info.plist; sourceTree = "<group>"; };
		21EBD23F1CB4E6B2005609D9 /* LunboUITests.xctest */ = {isa = PBXFileReference; explicitFileType = wrapper.cfbundle; includeInIndex = 0; path = LunboUITests.xctest; sourceTree = BUILT_PRODUCTS_DIR; };
		21EBD2431CB4E6B2005609D9 /* LunboUITests.m */ = {isa = PBXFileReference; lastKnownFileType = sourcecode.c.objc; path = LunboUITests.m; sourceTree = "<group>"; };
		21EBD2451CB4E6B2005609D9 /* Info.plist */ = {isa = PBXFileReference; lastKnownFileType = text.plist.xml; path = Info.plist; sourceTree = "<group>"; };
		21EBD2521CB4E6E1005609D9 /* ScrollModel.h */ = {isa = PBXFileReference; fileEncoding = 4; lastKnownFileType = sourcecode.c.h; path = ScrollModel.h; sourceTree = "<group>"; };
		21EBD2531CB4E6E1005609D9 /* ScrollModel.m */ = {isa = PBXFileReference; fileEncoding = 4; lastKnownFileType = sourcecode.c.objc; path = ScrollModel.m; sourceTree = "<group>"; };
		21EBD2571CB4E7D9005609D9 /* AFHTTPRequestOperation.h */ = {isa = PBXFileReference; fileEncoding = 4; lastKnownFileType = sourcecode.c.h; path = AFHTTPRequestOperation.h; sourceTree = "<group>"; };
		21EBD2581CB4E7D9005609D9 /* AFHTTPRequestOperation.m */ = {isa = PBXFileReference; fileEncoding = 4; lastKnownFileType = sourcecode.c.objc; path = AFHTTPRequestOperation.m; sourceTree = "<group>"; };
		21EBD2591CB4E7D9005609D9 /* AFHTTPRequestOperationManager.h */ = {isa = PBXFileReference; fileEncoding = 4; lastKnownFileType = sourcecode.c.h; path = AFHTTPRequestOperationManager.h; sourceTree = "<group>"; };
		21EBD25A1CB4E7D9005609D9 /* AFHTTPRequestOperationManager.m */ = {isa = PBXFileReference; fileEncoding = 4; lastKnownFileType = sourcecode.c.objc; path = AFHTTPRequestOperationManager.m; sourceTree = "<group>"; };
		21EBD25B1CB4E7D9005609D9 /* AFHTTPSessionManager.h */ = {isa = PBXFileReference; fileEncoding = 4; lastKnownFileType = sourcecode.c.h; path = AFHTTPSessionManager.h; sourceTree = "<group>"; };
		21EBD25C1CB4E7D9005609D9 /* AFHTTPSessionManager.m */ = {isa = PBXFileReference; fileEncoding = 4; lastKnownFileType = sourcecode.c.objc; path = AFHTTPSessionManager.m; sourceTree = "<group>"; };
		21EBD25D1CB4E7D9005609D9 /* AFNetworking.h */ = {isa = PBXFileReference; fileEncoding = 4; lastKnownFileType = sourcecode.c.h; path = AFNetworking.h; sourceTree = "<group>"; };
		21EBD25E1CB4E7D9005609D9 /* AFNetworkReachabilityManager.h */ = {isa = PBXFileReference; fileEncoding = 4; lastKnownFileType = sourcecode.c.h; path = AFNetworkReachabilityManager.h; sourceTree = "<group>"; };
		21EBD25F1CB4E7D9005609D9 /* AFNetworkReachabilityManager.m */ = {isa = PBXFileReference; fileEncoding = 4; lastKnownFileType = sourcecode.c.objc; path = AFNetworkReachabilityManager.m; sourceTree = "<group>"; };
		21EBD2601CB4E7D9005609D9 /* AFSecurityPolicy.h */ = {isa = PBXFileReference; fileEncoding = 4; lastKnownFileType = sourcecode.c.h; path = AFSecurityPolicy.h; sourceTree = "<group>"; };
		21EBD2611CB4E7D9005609D9 /* AFSecurityPolicy.m */ = {isa = PBXFileReference; fileEncoding = 4; lastKnownFileType = sourcecode.c.objc; path = AFSecurityPolicy.m; sourceTree = "<group>"; };
		21EBD2621CB4E7D9005609D9 /* AFURLConnectionOperation.h */ = {isa = PBXFileReference; fileEncoding = 4; lastKnownFileType = sourcecode.c.h; path = AFURLConnectionOperation.h; sourceTree = "<group>"; };
		21EBD2631CB4E7D9005609D9 /* AFURLConnectionOperation.m */ = {isa = PBXFileReference; fileEncoding = 4; lastKnownFileType = sourcecode.c.objc; path = AFURLConnectionOperation.m; sourceTree = "<group>"; };
		21EBD2641CB4E7D9005609D9 /* AFURLRequestSerialization.h */ = {isa = PBXFileReference; fileEncoding = 4; lastKnownFileType = sourcecode.c.h; path = AFURLRequestSerialization.h; sourceTree = "<group>"; };
		21EBD2651CB4E7D9005609D9 /* AFURLRequestSerialization.m */ = {isa = PBXFileReference; fileEncoding = 4; lastKnownFileType = sourcecode.c.objc; path = AFURLRequestSerialization.m; sourceTree = "<group>"; };
		21EBD2661CB4E7D9005609D9 /* AFURLResponseSerialization.h */ = {isa = PBXFileReference; fileEncoding = 4; lastKnownFileType = sourcecode.c.h; path = AFURLResponseSerialization.h; sourceTree = "<group>"; };
		21EBD2671CB4E7D9005609D9 /* AFURLResponseSerialization.m */ = {isa = PBXFileReference; fileEncoding = 4; lastKnownFileType = sourcecode.c.objc; path = AFURLResponseSerialization.m; sourceTree = "<group>"; };
		21EBD2681CB4E7D9005609D9 /* AFURLSessionManager.h */ = {isa = PBXFileReference; fileEncoding = 4; lastKnownFileType = sourcecode.c.h; path = AFURLSessionManager.h; sourceTree = "<group>"; };
		21EBD2691CB4E7D9005609D9 /* AFURLSessionManager.m */ = {isa = PBXFileReference; fileEncoding = 4; lastKnownFileType = sourcecode.c.objc; path = AFURLSessionManager.m; sourceTree = "<group>"; };
		21EBD2741CB4E7E1005609D9 /* NSData+ImageContentType.h */ = {isa = PBXFileReference; fileEncoding = 4; lastKnownFileType = sourcecode.c.h; path = "NSData+ImageContentType.h"; sourceTree = "<group>"; };
		21EBD2751CB4E7E1005609D9 /* NSData+ImageContentType.m */ = {isa = PBXFileReference; fileEncoding = 4; lastKnownFileType = sourcecode.c.objc; path = "NSData+ImageContentType.m"; sourceTree = "<group>"; };
		21EBD2761CB4E7E1005609D9 /* SDImageCache.h */ = {isa = PBXFileReference; fileEncoding = 4; lastKnownFileType = sourcecode.c.h; path = SDImageCache.h; sourceTree = "<group>"; };
		21EBD2771CB4E7E1005609D9 /* SDImageCache.m */ = {isa = PBXFileReference; fileEncoding = 4; lastKnownFileType = sourcecode.c.objc; path = SDImageCache.m; sourceTree = "<group>"; };
		21EBD2781CB4E7E1005609D9 /* SDWebImageCompat.h */ = {isa = PBXFileReference; fileEncoding = 4; lastKnownFileType = sourcecode.c.h; path = SDWebImageCompat.h; sourceTree = "<group>"; };
		21EBD2791CB4E7E1005609D9 /* SDWebImageCompat.m */ = {isa = PBXFileReference; fileEncoding = 4; lastKnownFileType = sourcecode.c.objc; path = SDWebImageCompat.m; sourceTree = "<group>"; };
		21EBD27A1CB4E7E1005609D9 /* SDWebImageDecoder.h */ = {isa = PBXFileReference; fileEncoding = 4; lastKnownFileType = sourcecode.c.h; path = SDWebImageDecoder.h; sourceTree = "<group>"; };
		21EBD27B1CB4E7E1005609D9 /* SDWebImageDecoder.m */ = {isa = PBXFileReference; fileEncoding = 4; lastKnownFileType = sourcecode.c.objc; path = SDWebImageDecoder.m; sourceTree = "<group>"; };
		21EBD27C1CB4E7E1005609D9 /* SDWebImageDownloader.h */ = {isa = PBXFileReference; fileEncoding = 4; lastKnownFileType = sourcecode.c.h; path = SDWebImageDownloader.h; sourceTree = "<group>"; };
		21EBD27D1CB4E7E1005609D9 /* SDWebImageDownloader.m */ = {isa = PBXFileReference; fileEncoding = 4; lastKnownFileType = sourcecode.c.objc; path = SDWebImageDownloader.m; sourceTree = "<group>"; };
		21EBD27E1CB4E7E1005609D9 /* SDWebImageDownloaderOperation.h */ = {isa = PBXFileReference; fileEncoding = 4; lastKnownFileType = sourcecode.c.h; path = SDWebImageDownloaderOperation.h; sourceTree = "<group>"; };
		21EBD27F1CB4E7E1005609D9 /* SDWebImageDownloaderOperation.m */ = {isa = PBXFileReference; fileEncoding = 4; lastKnownFileType = sourcecode.c.objc; path = SDWebImageDownloaderOperation.m; sourceTree = "<group>"; };
		21EBD2801CB4E7E1005609D9 /* SDWebImageManager.h */ = {isa = PBXFileReference; fileEncoding = 4; lastKnownFileType = sourcecode.c.h; path = SDWebImageManager.h; sourceTree = "<group>"; };
		21EBD2811CB4E7E1005609D9 /* SDWebImageManager.m */ = {isa = PBXFileReference; fileEncoding = 4; lastKnownFileType = sourcecode.c.objc; path = SDWebImageManager.m; sourceTree = "<group>"; };
		21EBD2821CB4E7E1005609D9 /* SDWebImageOperation.h */ = {isa = PBXFileReference; fileEncoding = 4; lastKnownFileType = sourcecode.c.h; path = SDWebImageOperation.h; sourceTree = "<group>"; };
		21EBD2831CB4E7E1005609D9 /* SDWebImagePrefetcher.h */ = {isa = PBXFileReference; fileEncoding = 4; lastKnownFileType = sourcecode.c.h; path = SDWebImagePrefetcher.h; sourceTree = "<group>"; };
		21EBD2841CB4E7E1005609D9 /* SDWebImagePrefetcher.m */ = {isa = PBXFileReference; fileEncoding = 4; lastKnownFileType = sourcecode.c.objc; path = SDWebImagePrefetcher.m; sourceTree = "<group>"; };
		21EBD2851CB4E7E1005609D9 /* UIButton+WebCache.h */ = {isa = PBXFileReference; fileEncoding = 4; lastKnownFileType = sourcecode.c.h; path = "UIButton+WebCache.h"; sourceTree = "<group>"; };
		21EBD2861CB4E7E1005609D9 /* UIButton+WebCache.m */ = {isa = PBXFileReference; fileEncoding = 4; lastKnownFileType = sourcecode.c.objc; path = "UIButton+WebCache.m"; sourceTree = "<group>"; };
		21EBD2871CB4E7E1005609D9 /* UIImage+GIF.h */ = {isa = PBXFileReference; fileEncoding = 4; lastKnownFileType = sourcecode.c.h; path = "UIImage+GIF.h"; sourceTree = "<group>"; };
		21EBD2881CB4E7E1005609D9 /* UIImage+GIF.m */ = {isa = PBXFileReference; fileEncoding = 4; lastKnownFileType = sourcecode.c.objc; path = "UIImage+GIF.m"; sourceTree = "<group>"; };
		21EBD2891CB4E7E1005609D9 /* UIImage+MultiFormat.h */ = {isa = PBXFileReference; fileEncoding = 4; lastKnownFileType = sourcecode.c.h; path = "UIImage+MultiFormat.h"; sourceTree = "<group>"; };
		21EBD28A1CB4E7E1005609D9 /* UIImage+MultiFormat.m */ = {isa = PBXFileReference; fileEncoding = 4; lastKnownFileType = sourcecode.c.objc; path = "UIImage+MultiFormat.m"; sourceTree = "<group>"; };
		21EBD28B1CB4E7E1005609D9 /* UIImageView+HighlightedWebCache.h */ = {isa = PBXFileReference; fileEncoding = 4; lastKnownFileType = sourcecode.c.h; path = "UIImageView+HighlightedWebCache.h"; sourceTree = "<group>"; };
		21EBD28C1CB4E7E1005609D9 /* UIImageView+HighlightedWebCache.m */ = {isa = PBXFileReference; fileEncoding = 4; lastKnownFileType = sourcecode.c.objc; path = "UIImageView+HighlightedWebCache.m"; sourceTree = "<group>"; };
		21EBD28D1CB4E7E1005609D9 /* UIImageView+WebCache.h */ = {isa = PBXFileReference; fileEncoding = 4; lastKnownFileType = sourcecode.c.h; path = "UIImageView+WebCache.h"; sourceTree = "<group>"; };
		21EBD28E1CB4E7E1005609D9 /* UIImageView+WebCache.m */ = {isa = PBXFileReference; fileEncoding = 4; lastKnownFileType = sourcecode.c.objc; path = "UIImageView+WebCache.m"; sourceTree = "<group>"; };
		21EBD28F1CB4E7E1005609D9 /* UIView+WebCacheOperation.h */ = {isa = PBXFileReference; fileEncoding = 4; lastKnownFileType = sourcecode.c.h; path = "UIView+WebCacheOperation.h"; sourceTree = "<group>"; };
		21EBD2901CB4E7E1005609D9 /* UIView+WebCacheOperation.m */ = {isa = PBXFileReference; fileEncoding = 4; lastKnownFileType = sourcecode.c.objc; path = "UIView+WebCacheOperation.m"; sourceTree = "<group>"; };
		21EBD29F1CB4F119005609D9 /* MenuModel.h */ = {isa = PBXFileReference; fileEncoding = 4; lastKnownFileType = sourcecode.c.h; path = MenuModel.h; sourceTree = "<group>"; };
		21EBD2A01CB4F119005609D9 /* MenuModel.m */ = {isa = PBXFileReference; fileEncoding = 4; lastKnownFileType = sourcecode.c.objc; path = MenuModel.m; sourceTree = "<group>"; };
		21EBD2A31CB4FA7F005609D9 /* 8.png */ = {isa = PBXFileReference; lastKnownFileType = image.png; path = 8.png; sourceTree = "<group>"; };
		21EBD2A41CB4FA7F005609D9 /* 6.png */ = {isa = PBXFileReference; lastKnownFileType = image.png; path = 6.png; sourceTree = "<group>"; };
		21EBD2A51CB4FA7F005609D9 /* 7.png */ = {isa = PBXFileReference; lastKnownFileType = image.png; path = 7.png; sourceTree = "<group>"; };
		21EBD2A61CB4FA7F005609D9 /* 5.png */ = {isa = PBXFileReference; lastKnownFileType = image.png; path = 5.png; sourceTree = "<group>"; };
		21EBD2A71CB4FA7F005609D9 /* 1.png */ = {isa = PBXFileReference; lastKnownFileType = image.png; path = 1.png; sourceTree = "<group>"; };
		21EBD2A81CB4FA7F005609D9 /* 2.png */ = {isa = PBXFileReference; lastKnownFileType = image.png; path = 2.png; sourceTree = "<group>"; };
		21EBD2A91CB4FA7F005609D9 /* 3.png */ = {isa = PBXFileReference; lastKnownFileType = image.png; path = 3.png; sourceTree = "<group>"; };
		21EBD2AA1CB4FA7F005609D9 /* 4.png */ = {isa = PBXFileReference; lastKnownFileType = image.png; path = 4.png; sourceTree = "<group>"; };
		21EBD2B31CB4FE97005609D9 /* 9.png */ = {isa = PBXFileReference; lastKnownFileType = image.png; path = 9.png; sourceTree = "<group>"; };
		21EBD2BA1CB50119005609D9 /* ActionView.h */ = {isa = PBXFileReference; fileEncoding = 4; lastKnownFileType = sourcecode.c.h; path = ActionView.h; sourceTree = "<group>"; };
		21EBD2BB1CB50119005609D9 /* ActionView.m */ = {isa = PBXFileReference; fileEncoding = 4; lastKnownFileType = sourcecode.c.objc; path = ActionView.m; sourceTree = "<group>"; };
		21EBD2BD1CB50125005609D9 /* ActionView.xib */ = {isa = PBXFileReference; fileEncoding = 4; lastKnownFileType = file.xib; path = ActionView.xib; sourceTree = "<group>"; };
/* End PBXFileReference section */

/* Begin PBXFrameworksBuildPhase section */
		21EBD2181CB4E6B2005609D9 /* Frameworks */ = {
			isa = PBXFrameworksBuildPhase;
			buildActionMask = 2147483647;
			files = (
			);
			runOnlyForDeploymentPostprocessing = 0;
		};
		21EBD2311CB4E6B2005609D9 /* Frameworks */ = {
			isa = PBXFrameworksBuildPhase;
			buildActionMask = 2147483647;
			files = (
			);
			runOnlyForDeploymentPostprocessing = 0;
		};
		21EBD23C1CB4E6B2005609D9 /* Frameworks */ = {
			isa = PBXFrameworksBuildPhase;
			buildActionMask = 2147483647;
			files = (
			);
			runOnlyForDeploymentPostprocessing = 0;
		};
/* End PBXFrameworksBuildPhase section */

/* Begin PBXGroup section */
		21EBD2121CB4E6B2005609D9 = {
			isa = PBXGroup;
			children = (
				21EBD21D1CB4E6B2005609D9 /* Lunbo */,
				21EBD2371CB4E6B2005609D9 /* LunboTests */,
				21EBD2421CB4E6B2005609D9 /* LunboUITests */,
				21EBD21C1CB4E6B2005609D9 /* Products */,
			);
			sourceTree = "<group>";
		};
		21EBD21C1CB4E6B2005609D9 /* Products */ = {
			isa = PBXGroup;
			children = (
				21EBD21B1CB4E6B2005609D9 /* Lunbo.app */,
				21EBD2341CB4E6B2005609D9 /* LunboTests.xctest */,
				21EBD23F1CB4E6B2005609D9 /* LunboUITests.xctest */,
			);
			name = Products;
			sourceTree = "<group>";
		};
		21EBD21D1CB4E6B2005609D9 /* Lunbo */ = {
			isa = PBXGroup;
			children = (
				21EBD2211CB4E6B2005609D9 /* AppDelegate.h */,
				21EBD2221CB4E6B2005609D9 /* AppDelegate.m */,
				21EBD2241CB4E6B2005609D9 /* ViewController.h */,
				21EBD2251CB4E6B2005609D9 /* ViewController.m */,
				21EBD2551CB4E7C2005609D9 /* Vendors */,
				21EBD2A21CB4FA63005609D9 /* Image */,
				21EBD2511CB4E6C4005609D9 /* Model */,
				21EBD2B61CB500BB005609D9 /* View */,
				21EBD2B51CB50099005609D9 /* Other */,
				21EBD21E1CB4E6B2005609D9 /* Supporting Files */,
			);
			path = Lunbo;
			sourceTree = "<group>";
		};
		21EBD21E1CB4E6B2005609D9 /* Supporting Files */ = {
			isa = PBXGroup;
			children = (
				21EBD21F1CB4E6B2005609D9 /* main.m */,
			);
			name = "Supporting Files";
			sourceTree = "<group>";
		};
		21EBD2371CB4E6B2005609D9 /* LunboTests */ = {
			isa = PBXGroup;
			children = (
				21EBD2381CB4E6B2005609D9 /* LunboTests.m */,
				21EBD23A1CB4E6B2005609D9 /* Info.plist */,
			);
			path = LunboTests;
			sourceTree = "<group>";
		};
		21EBD2421CB4E6B2005609D9 /* LunboUITests */ = {
			isa = PBXGroup;
			children = (
				21EBD2431CB4E6B2005609D9 /* LunboUITests.m */,
				21EBD2451CB4E6B2005609D9 /* Info.plist */,
			);
			path = LunboUITests;
			sourceTree = "<group>";
		};
		21EBD2511CB4E6C4005609D9 /* Model */ = {
			isa = PBXGroup;
			children = (
				21EBD2521CB4E6E1005609D9 /* ScrollModel.h */,
				21EBD2531CB4E6E1005609D9 /* ScrollModel.m */,
				21EBD29F1CB4F119005609D9 /* MenuModel.h */,
				21EBD2A01CB4F119005609D9 /* MenuModel.m */,
			);
			name = Model;
			sourceTree = "<group>";
		};
		21EBD2551CB4E7C2005609D9 /* Vendors */ = {
			isa = PBXGroup;
			children = (
				21EBD2731CB4E7E1005609D9 /* SDWebImage */,
				21EBD2561CB4E7D9005609D9 /* AFNetworking */,
			);
			name = Vendors;
			sourceTree = "<group>";
		};
		21EBD2561CB4E7D9005609D9 /* AFNetworking */ = {
			isa = PBXGroup;
			children = (
				21EBD2571CB4E7D9005609D9 /* AFHTTPRequestOperation.h */,
				21EBD2581CB4E7D9005609D9 /* AFHTTPRequestOperation.m */,
				21EBD2591CB4E7D9005609D9 /* AFHTTPRequestOperationManager.h */,
				21EBD25A1CB4E7D9005609D9 /* AFHTTPRequestOperationManager.m */,
				21EBD25B1CB4E7D9005609D9 /* AFHTTPSessionManager.h */,
				21EBD25C1CB4E7D9005609D9 /* AFHTTPSessionManager.m */,
				21EBD25D1CB4E7D9005609D9 /* AFNetworking.h */,
				21EBD25E1CB4E7D9005609D9 /* AFNetworkReachabilityManager.h */,
				21EBD25F1CB4E7D9005609D9 /* AFNetworkReachabilityManager.m */,
				21EBD2601CB4E7D9005609D9 /* AFSecurityPolicy.h */,
				21EBD2611CB4E7D9005609D9 /* AFSecurityPolicy.m */,
				21EBD2621CB4E7D9005609D9 /* AFURLConnectionOperation.h */,
				21EBD2631CB4E7D9005609D9 /* AFURLConnectionOperation.m */,
				21EBD2641CB4E7D9005609D9 /* AFURLRequestSerialization.h */,
				21EBD2651CB4E7D9005609D9 /* AFURLRequestSerialization.m */,
				21EBD2661CB4E7D9005609D9 /* AFURLResponseSerialization.h */,
				21EBD2671CB4E7D9005609D9 /* AFURLResponseSerialization.m */,
				21EBD2681CB4E7D9005609D9 /* AFURLSessionManager.h */,
				21EBD2691CB4E7D9005609D9 /* AFURLSessionManager.m */,
			);
			path = AFNetworking;
			sourceTree = "<group>";
		};
		21EBD2731CB4E7E1005609D9 /* SDWebImage */ = {
			isa = PBXGroup;
			children = (
				21EBD2741CB4E7E1005609D9 /* NSData+ImageContentType.h */,
				21EBD2751CB4E7E1005609D9 /* NSData+ImageContentType.m */,
				21EBD2761CB4E7E1005609D9 /* SDImageCache.h */,
				21EBD2771CB4E7E1005609D9 /* SDImageCache.m */,
				21EBD2781CB4E7E1005609D9 /* SDWebImageCompat.h */,
				21EBD2791CB4E7E1005609D9 /* SDWebImageCompat.m */,
				21EBD27A1CB4E7E1005609D9 /* SDWebImageDecoder.h */,
				21EBD27B1CB4E7E1005609D9 /* SDWebImageDecoder.m */,
				21EBD27C1CB4E7E1005609D9 /* SDWebImageDownloader.h */,
				21EBD27D1CB4E7E1005609D9 /* SDWebImageDownloader.m */,
				21EBD27E1CB4E7E1005609D9 /* SDWebImageDownloaderOperation.h */,
				21EBD27F1CB4E7E1005609D9 /* SDWebImageDownloaderOperation.m */,
				21EBD2801CB4E7E1005609D9 /* SDWebImageManager.h */,
				21EBD2811CB4E7E1005609D9 /* SDWebImageManager.m */,
				21EBD2821CB4E7E1005609D9 /* SDWebImageOperation.h */,
				21EBD2831CB4E7E1005609D9 /* SDWebImagePrefetcher.h */,
				21EBD2841CB4E7E1005609D9 /* SDWebImagePrefetcher.m */,
				21EBD2851CB4E7E1005609D9 /* UIButton+WebCache.h */,
				21EBD2861CB4E7E1005609D9 /* UIButton+WebCache.m */,
				21EBD2871CB4E7E1005609D9 /* UIImage+GIF.h */,
				21EBD2881CB4E7E1005609D9 /* UIImage+GIF.m */,
				21EBD2891CB4E7E1005609D9 /* UIImage+MultiFormat.h */,
				21EBD28A1CB4E7E1005609D9 /* UIImage+MultiFormat.m */,
				21EBD28B1CB4E7E1005609D9 /* UIImageView+HighlightedWebCache.h */,
				21EBD28C1CB4E7E1005609D9 /* UIImageView+HighlightedWebCache.m */,
				21EBD28D1CB4E7E1005609D9 /* UIImageView+WebCache.h */,
				21EBD28E1CB4E7E1005609D9 /* UIImageView+WebCache.m */,
				21EBD28F1CB4E7E1005609D9 /* UIView+WebCacheOperation.h */,
				21EBD2901CB4E7E1005609D9 /* UIView+WebCacheOperation.m */,
			);
			path = SDWebImage;
			sourceTree = "<group>";
		};
		21EBD2A21CB4FA63005609D9 /* Image */ = {
			isa = PBXGroup;
			children = (
				21EBD2B31CB4FE97005609D9 /* 9.png */,
				21EBD2A31CB4FA7F005609D9 /* 8.png */,
				21EBD2A41CB4FA7F005609D9 /* 6.png */,
				21EBD2A51CB4FA7F005609D9 /* 7.png */,
				21EBD2A61CB4FA7F005609D9 /* 5.png */,
				21EBD2A71CB4FA7F005609D9 /* 1.png */,
				21EBD2A81CB4FA7F005609D9 /* 2.png */,
				21EBD2A91CB4FA7F005609D9 /* 3.png */,
				21EBD2AA1CB4FA7F005609D9 /* 4.png */,
			);
			name = Image;
			sourceTree = "<group>";
		};
		21EBD2B51CB50099005609D9 /* Other */ = {
			isa = PBXGroup;
			children = (
				21EBD2271CB4E6B2005609D9 /* Main.storyboard */,
				21EBD22A1CB4E6B2005609D9 /* Assets.xcassets */,
				21EBD22C1CB4E6B2005609D9 /* LaunchScreen.storyboard */,
				21EBD22F1CB4E6B2005609D9 /* Info.plist */,
			);
			name = Other;
			sourceTree = "<group>";
		};
		21EBD2B61CB500BB005609D9 /* View */ = {
			isa = PBXGroup;
			children = (
				21EBD2BA1CB50119005609D9 /* ActionView.h */,
				21EBD2BB1CB50119005609D9 /* ActionView.m */,
				21EBD2BD1CB50125005609D9 /* ActionView.xib */,
			);
			name = View;
			sourceTree = "<group>";
		};
/* End PBXGroup section */

/* Begin PBXNativeTarget section */
		21EBD21A1CB4E6B2005609D9 /* Lunbo */ = {
			isa = PBXNativeTarget;
			buildConfigurationList = 21EBD2481CB4E6B2005609D9 /* Build configuration list for PBXNativeTarget "Lunbo" */;
			buildPhases = (
				21EBD2171CB4E6B2005609D9 /* Sources */,
				21EBD2181CB4E6B2005609D9 /* Frameworks */,
				21EBD2191CB4E6B2005609D9 /* Resources */,
			);
			buildRules = (
			);
			dependencies = (
			);
			name = Lunbo;
			productName = Lunbo;
			productReference = 21EBD21B1CB4E6B2005609D9 /* Lunbo.app */;
			productType = "com.apple.product-type.application";
		};
		21EBD2331CB4E6B2005609D9 /* LunboTests */ = {
			isa = PBXNativeTarget;
			buildConfigurationList = 21EBD24B1CB4E6B2005609D9 /* Build configuration list for PBXNativeTarget "LunboTests" */;
			buildPhases = (
				21EBD2301CB4E6B2005609D9 /* Sources */,
				21EBD2311CB4E6B2005609D9 /* Frameworks */,
				21EBD2321CB4E6B2005609D9 /* Resources */,
			);
			buildRules = (
			);
			dependencies = (
				21EBD2361CB4E6B2005609D9 /* PBXTargetDependency */,
			);
			name = LunboTests;
			productName = LunboTests;
			productReference = 21EBD2341CB4E6B2005609D9 /* LunboTests.xctest */;
			productType = "com.apple.product-type.bundle.unit-test";
		};
		21EBD23E1CB4E6B2005609D9 /* LunboUITests */ = {
			isa = PBXNativeTarget;
			buildConfigurationList = 21EBD24E1CB4E6B2005609D9 /* Build configuration list for PBXNativeTarget "LunboUITests" */;
			buildPhases = (
				21EBD23B1CB4E6B2005609D9 /* Sources */,
				21EBD23C1CB4E6B2005609D9 /* Frameworks */,
				21EBD23D1CB4E6B2005609D9 /* Resources */,
			);
			buildRules = (
			);
			dependencies = (
				21EBD2411CB4E6B2005609D9 /* PBXTargetDependency */,
			);
			name = LunboUITests;
			productName = LunboUITests;
			productReference = 21EBD23F1CB4E6B2005609D9 /* LunboUITests.xctest */;
			productType = "com.apple.product-type.bundle.ui-testing";
		};
/* End PBXNativeTarget section */

/* Begin PBXProject section */
		21EBD2131CB4E6B2005609D9 /* Project object */ = {
			isa = PBXProject;
			attributes = {
				LastUpgradeCheck = 0720;
				ORGANIZATIONNAME = RoverLau;
				TargetAttributes = {
					21EBD21A1CB4E6B2005609D9 = {
						CreatedOnToolsVersion = 7.2;
					};
					21EBD2331CB4E6B2005609D9 = {
						CreatedOnToolsVersion = 7.2;
						TestTargetID = 21EBD21A1CB4E6B2005609D9;
					};
					21EBD23E1CB4E6B2005609D9 = {
						CreatedOnToolsVersion = 7.2;
						TestTargetID = 21EBD21A1CB4E6B2005609D9;
					};
				};
			};
			buildConfigurationList = 21EBD2161CB4E6B2005609D9 /* Build configuration list for PBXProject "Lunbo" */;
			compatibilityVersion = "Xcode 3.2";
			developmentRegion = English;
			hasScannedForEncodings = 0;
			knownRegions = (
				en,
				Base,
			);
			mainGroup = 21EBD2121CB4E6B2005609D9;
			productRefGroup = 21EBD21C1CB4E6B2005609D9 /* Products */;
			projectDirPath = "";
			projectRoot = "";
			targets = (
				21EBD21A1CB4E6B2005609D9 /* Lunbo */,
				21EBD2331CB4E6B2005609D9 /* LunboTests */,
				21EBD23E1CB4E6B2005609D9 /* LunboUITests */,
			);
		};
/* End PBXProject section */

/* Begin PBXResourcesBuildPhase section */
		21EBD2191CB4E6B2005609D9 /* Resources */ = {
			isa = PBXResourcesBuildPhase;
			buildActionMask = 2147483647;
			files = (
				21EBD2B21CB4FA7F005609D9 /* 4.png in Resources */,
				21EBD2AB1CB4FA7F005609D9 /* 8.png in Resources */,
				21EBD2AF1CB4FA7F005609D9 /* 1.png in Resources */,
				21EBD22E1CB4E6B2005609D9 /* LaunchScreen.storyboard in Resources */,
				21EBD22B1CB4E6B2005609D9 /* Assets.xcassets in Resources */,
				21EBD2AD1CB4FA7F005609D9 /* 7.png in Resources */,
				21EBD2B11CB4FA7F005609D9 /* 3.png in Resources */,
				21EBD2AE1CB4FA7F005609D9 /* 5.png in Resources */,
				21EBD2BE1CB50125005609D9 /* ActionView.xib in Resources */,
				21EBD2B01CB4FA7F005609D9 /* 2.png in Resources */,
				21EBD2B41CB4FE97005609D9 /* 9.png in Resources */,
				21EBD2291CB4E6B2005609D9 /* Main.storyboard in Resources */,
				21EBD2AC1CB4FA7F005609D9 /* 6.png in Resources */,
			);
			runOnlyForDeploymentPostprocessing = 0;
		};
		21EBD2321CB4E6B2005609D9 /* Resources */ = {
			isa = PBXResourcesBuildPhase;
			buildActionMask = 2147483647;
			files = (
			);
			runOnlyForDeploymentPostprocessing = 0;
		};
		21EBD23D1CB4E6B2005609D9 /* Resources */ = {
			isa = PBXResourcesBuildPhase;
			buildActionMask = 2147483647;
			files = (
			);
			runOnlyForDeploymentPostprocessing = 0;
		};
/* End PBXResourcesBuildPhase section */

/* Begin PBXSourcesBuildPhase section */
		21EBD2171CB4E6B2005609D9 /* Sources */ = {
			isa = PBXSourcesBuildPhase;
			buildActionMask = 2147483647;
			files = (
				21EBD2541CB4E6E1005609D9 /* ScrollModel.m in Sources */,
				21EBD26E1CB4E7D9005609D9 /* AFSecurityPolicy.m in Sources */,
				21EBD2261CB4E6B2005609D9 /* ViewController.m in Sources */,
				21EBD2991CB4E7E1005609D9 /* UIButton+WebCache.m in Sources */,
				21EBD2961CB4E7E1005609D9 /* SDWebImageDownloaderOperation.m in Sources */,
				21EBD26B1CB4E7D9005609D9 /* AFHTTPRequestOperationManager.m in Sources */,
				21EBD2921CB4E7E1005609D9 /* SDImageCache.m in Sources */,
				21EBD2911CB4E7E1005609D9 /* NSData+ImageContentType.m in Sources */,
				21EBD2A11CB4F119005609D9 /* MenuModel.m in Sources */,
				21EBD26F1CB4E7D9005609D9 /* AFURLConnectionOperation.m in Sources */,
				21EBD2941CB4E7E1005609D9 /* SDWebImageDecoder.m in Sources */,
				21EBD26A1CB4E7D9005609D9 /* AFHTTPRequestOperation.m in Sources */,
				21EBD2231CB4E6B2005609D9 /* AppDelegate.m in Sources */,
				21EBD2951CB4E7E1005609D9 /* SDWebImageDownloader.m in Sources */,
				21EBD2931CB4E7E1005609D9 /* SDWebImageCompat.m in Sources */,
				21EBD29D1CB4E7E1005609D9 /* UIImageView+WebCache.m in Sources */,
				21EBD2701CB4E7D9005609D9 /* AFURLRequestSerialization.m in Sources */,
				21EBD29E1CB4E7E1005609D9 /* UIView+WebCacheOperation.m in Sources */,
				21EBD29A1CB4E7E1005609D9 /* UIImage+GIF.m in Sources */,
				21EBD29B1CB4E7E1005609D9 /* UIImage+MultiFormat.m in Sources */,
				21EBD26C1CB4E7D9005609D9 /* AFHTTPSessionManager.m in Sources */,
				21EBD2BC1CB50119005609D9 /* ActionView.m in Sources */,
				21EBD29C1CB4E7E1005609D9 /* UIImageView+HighlightedWebCache.m in Sources */,
				21EBD2981CB4E7E1005609D9 /* SDWebImagePrefetcher.m in Sources */,
				21EBD26D1CB4E7D9005609D9 /* AFNetworkReachabilityManager.m in Sources */,
				21EBD2711CB4E7D9005609D9 /* AFURLResponseSerialization.m in Sources */,
				21EBD2971CB4E7E1005609D9 /* SDWebImageManager.m in Sources */,
				21EBD2721CB4E7D9005609D9 /* AFURLSessionManager.m in Sources */,
				21EBD2201CB4E6B2005609D9 /* main.m in Sources */,
			);
			runOnlyForDeploymentPostprocessing = 0;
		};
		21EBD2301CB4E6B2005609D9 /* Sources */ = {
			isa = PBXSourcesBuildPhase;
			buildActionMask = 2147483647;
			files = (
				21EBD2391CB4E6B2005609D9 /* LunboTests.m in Sources */,
			);
			runOnlyForDeploymentPostprocessing = 0;
		};
		21EBD23B1CB4E6B2005609D9 /* Sources */ = {
			isa = PBXSourcesBuildPhase;
			buildActionMask = 2147483647;
			files = (
				21EBD2441CB4E6B2005609D9 /* LunboUITests.m in Sources */,
			);
			runOnlyForDeploymentPostprocessing = 0;
		};
/* End PBXSourcesBuildPhase section */

/* Begin PBXTargetDependency section */
		21EBD2361CB4E6B2005609D9 /* PBXTargetDependency */ = {
			isa = PBXTargetDependency;
			target = 21EBD21A1CB4E6B2005609D9 /* Lunbo */;
			targetProxy = 21EBD2351CB4E6B2005609D9 /* PBXContainerItemProxy */;
		};
		21EBD2411CB4E6B2005609D9 /* PBXTargetDependency */ = {
			isa = PBXTargetDependency;
			target = 21EBD21A1CB4E6B2005609D9 /* Lunbo */;
			targetProxy = 21EBD2401CB4E6B2005609D9 /* PBXContainerItemProxy */;
		};
/* End PBXTargetDependency section */

/* Begin PBXVariantGroup section */
		21EBD2271CB4E6B2005609D9 /* Main.storyboard */ = {
			isa = PBXVariantGroup;
			children = (
				21EBD2281CB4E6B2005609D9 /* Base */,
			);
			name = Main.storyboard;
			sourceTree = "<group>";
		};
		21EBD22C1CB4E6B2005609D9 /* LaunchScreen.storyboard */ = {
			isa = PBXVariantGroup;
			children = (
				21EBD22D1CB4E6B2005609D9 /* Base */,
			);
			name = LaunchScreen.storyboard;
			sourceTree = "<group>";
		};
/* End PBXVariantGroup section */

/* Begin XCBuildConfiguration section */
		21EBD2461CB4E6B2005609D9 /* Debug */ = {
			isa = XCBuildConfiguration;
			buildSettings = {
				ALWAYS_SEARCH_USER_PATHS = NO;
				CLANG_CXX_LANGUAGE_STANDARD = "gnu++0x";
				CLANG_CXX_LIBRARY = "libc++";
				CLANG_ENABLE_MODULES = YES;
				CLANG_ENABLE_OBJC_ARC = YES;
				CLANG_WARN_BOOL_CONVERSION = YES;
				CLANG_WARN_CONSTANT_CONVERSION = YES;
				CLANG_WARN_DIRECT_OBJC_ISA_USAGE = YES_ERROR;
				CLANG_WARN_EMPTY_BODY = YES;
				CLANG_WARN_ENUM_CONVERSION = YES;
				CLANG_WARN_INT_CONVERSION = YES;
				CLANG_WARN_OBJC_ROOT_CLASS = YES_ERROR;
				CLANG_WARN_UNREACHABLE_CODE = YES;
				CLANG_WARN__DUPLICATE_METHOD_MATCH = YES;
				"CODE_SIGN_IDENTITY[sdk=iphoneos*]" = "iPhone Developer";
				COPY_PHASE_STRIP = NO;
				DEBUG_INFORMATION_FORMAT = dwarf;
				ENABLE_STRICT_OBJC_MSGSEND = YES;
				ENABLE_TESTABILITY = YES;
				GCC_C_LANGUAGE_STANDARD = gnu99;
				GCC_DYNAMIC_NO_PIC = NO;
				GCC_NO_COMMON_BLOCKS = YES;
				GCC_OPTIMIZATION_LEVEL = 0;
				GCC_PREPROCESSOR_DEFINITIONS = (
					"DEBUG=1",
					"$(inherited)",
				);
				GCC_WARN_64_TO_32_BIT_CONVERSION = YES;
				GCC_WARN_ABOUT_RETURN_TYPE = YES_ERROR;
				GCC_WARN_UNDECLARED_SELECTOR = YES;
				GCC_WARN_UNINITIALIZED_AUTOS = YES_AGGRESSIVE;
				GCC_WARN_UNUSED_FUNCTION = YES;
				GCC_WARN_UNUSED_VARIABLE = YES;
				IPHONEOS_DEPLOYMENT_TARGET = 9.2;
				MTL_ENABLE_DEBUG_INFO = YES;
				ONLY_ACTIVE_ARCH = YES;
				SDKROOT = iphoneos;
				TARGETED_DEVICE_FAMILY = "1,2";
			};
			name = Debug;
		};
		21EBD2471CB4E6B2005609D9 /* Release */ = {
			isa = XCBuildConfiguration;
			buildSettings = {
				ALWAYS_SEARCH_USER_PATHS = NO;
				CLANG_CXX_LANGUAGE_STANDARD = "gnu++0x";
				CLANG_CXX_LIBRARY = "libc++";
				CLANG_ENABLE_MODULES = YES;
				CLANG_ENABLE_OBJC_ARC = YES;
				CLANG_WARN_BOOL_CONVERSION = YES;
				CLANG_WARN_CONSTANT_CONVERSION = YES;
				CLANG_WARN_DIRECT_OBJC_ISA_USAGE = YES_ERROR;
				CLANG_WARN_EMPTY_BODY = YES;
				CLANG_WARN_ENUM_CONVERSION = YES;
				CLANG_WARN_INT_CONVERSION = YES;
				CLANG_WARN_OBJC_ROOT_CLASS = YES_ERROR;
				CLANG_WARN_UNREACHABLE_CODE = YES;
				CLANG_WARN__DUPLICATE_METHOD_MATCH = YES;
				"CODE_SIGN_IDENTITY[sdk=iphoneos*]" = "iPhone Developer";
				COPY_PHASE_STRIP = NO;
				DEBUG_INFORMATION_FORMAT = "dwarf-with-dsym";
				ENABLE_NS_ASSERTIONS = NO;
				ENABLE_STRICT_OBJC_MSGSEND = YES;
				GCC_C_LANGUAGE_STANDARD = gnu99;
				GCC_NO_COMMON_BLOCKS = YES;
				GCC_WARN_64_TO_32_BIT_CONVERSION = YES;
				GCC_WARN_ABOUT_RETURN_TYPE = YES_ERROR;
				GCC_WARN_UNDECLARED_SELECTOR = YES;
				GCC_WARN_UNINITIALIZED_AUTOS = YES_AGGRESSIVE;
				GCC_WARN_UNUSED_FUNCTION = YES;
				GCC_WARN_UNUSED_VARIABLE = YES;
				IPHONEOS_DEPLOYMENT_TARGET = 9.2;
				MTL_ENABLE_DEBUG_INFO = NO;
				SDKROOT = iphoneos;
				TARGETED_DEVICE_FAMILY = "1,2";
				VALIDATE_PRODUCT = YES;
			};
			name = Release;
		};
		21EBD2491CB4E6B2005609D9 /* Debug */ = {
			isa = XCBuildConfiguration;
			buildSettings = {
				ASSETCATALOG_COMPILER_APPICON_NAME = AppIcon;
				INFOPLIST_FILE = Lunbo/Info.plist;
				LD_RUNPATH_SEARCH_PATHS = "$(inherited) @executable_path/Frameworks";
				PRODUCT_BUNDLE_IDENTIFIER = fomssi.com.Lunbo;
				PRODUCT_NAME = "$(TARGET_NAME)";
			};
			name = Debug;
		};
		21EBD24A1CB4E6B2005609D9 /* Release */ = {
			isa = XCBuildConfiguration;
			buildSettings = {
				ASSETCATALOG_COMPILER_APPICON_NAME = AppIcon;
				INFOPLIST_FILE = Lunbo/Info.plist;
				LD_RUNPATH_SEARCH_PATHS = "$(inherited) @executable_path/Frameworks";
				PRODUCT_BUNDLE_IDENTIFIER = fomssi.com.Lunbo;
				PRODUCT_NAME = "$(TARGET_NAME)";
			};
			name = Release;
		};
		21EBD24C1CB4E6B2005609D9 /* Debug */ = {
			isa = XCBuildConfiguration;
			buildSettings = {
				BUNDLE_LOADER = "$(TEST_HOST)";
				INFOPLIST_FILE = LunboTests/Info.plist;
				LD_RUNPATH_SEARCH_PATHS = "$(inherited) @executable_path/Frameworks @loader_path/Frameworks";
				PRODUCT_BUNDLE_IDENTIFIER = fomssi.com.LunboTests;
				PRODUCT_NAME = "$(TARGET_NAME)";
				TEST_HOST = "$(BUILT_PRODUCTS_DIR)/Lunbo.app/Lunbo";
			};
			name = Debug;
		};
		21EBD24D1CB4E6B2005609D9 /* Release */ = {
			isa = XCBuildConfiguration;
			buildSettings = {
				BUNDLE_LOADER = "$(TEST_HOST)";
				INFOPLIST_FILE = LunboTests/Info.plist;
				LD_RUNPATH_SEARCH_PATHS = "$(inherited) @executable_path/Frameworks @loader_path/Frameworks";
				PRODUCT_BUNDLE_IDENTIFIER = fomssi.com.LunboTests;
				PRODUCT_NAME = "$(TARGET_NAME)";
				TEST_HOST = "$(BUILT_PRODUCTS_DIR)/Lunbo.app/Lunbo";
			};
			name = Release;
		};
		21EBD24F1CB4E6B2005609D9 /* Debug */ = {
			isa = XCBuildConfiguration;
			buildSettings = {
				INFOPLIST_FILE = LunboUITests/Info.plist;
				LD_RUNPATH_SEARCH_PATHS = "$(inherited) @executable_path/Frameworks @loader_path/Frameworks";
				PRODUCT_BUNDLE_IDENTIFIER = fomssi.com.LunboUITests;
				PRODUCT_NAME = "$(TARGET_NAME)";
				TEST_TARGET_NAME = Lunbo;
				USES_XCTRUNNER = YES;
			};
			name = Debug;
		};
		21EBD2501CB4E6B2005609D9 /* Release */ = {
			isa = XCBuildConfiguration;
			buildSettings = {
				INFOPLIST_FILE = LunboUITests/Info.plist;
				LD_RUNPATH_SEARCH_PATHS = "$(inherited) @executable_path/Frameworks @loader_path/Frameworks";
				PRODUCT_BUNDLE_IDENTIFIER = fomssi.com.LunboUITests;
				PRODUCT_NAME = "$(TARGET_NAME)";
				TEST_TARGET_NAME = Lunbo;
				USES_XCTRUNNER = YES;
			};
			name = Release;
		};
/* End XCBuildConfiguration section */

/* Begin XCConfigurationList section */
		21EBD2161CB4E6B2005609D9 /* Build configuration list for PBXProject "Lunbo" */ = {
			isa = XCConfigurationList;
			buildConfigurations = (
				21EBD2461CB4E6B2005609D9 /* Debug */,
				21EBD2471CB4E6B2005609D9 /* Release */,
			);
			defaultConfigurationIsVisible = 0;
			defaultConfigurationName = Release;
		};
		21EBD2481CB4E6B2005609D9 /* Build configuration list for PBXNativeTarget "Lunbo" */ = {
			isa = XCConfigurationList;
			buildConfigurations = (
				21EBD2491CB4E6B2005609D9 /* Debug */,
				21EBD24A1CB4E6B2005609D9 /* Release */,
			);
			defaultConfigurationIsVisible = 0;
		};
		21EBD24B1CB4E6B2005609D9 /* Build configuration list for PBXNativeTarget "LunboTests" */ = {
			isa = XCConfigurationList;
			buildConfigurations = (
				21EBD24C1CB4E6B2005609D9 /* Debug */,
				21EBD24D1CB4E6B2005609D9 /* Release */,
			);
			defaultConfigurationIsVisible = 0;
		};
		21EBD24E1CB4E6B2005609D9 /* Build configuration list for PBXNativeTarget "LunboUITests" */ = {
			isa = XCConfigurationList;
			buildConfigurations = (
				21EBD24F1CB4E6B2005609D9 /* Debug */,
				21EBD2501CB4E6B2005609D9 /* Release */,
			);
			defaultConfigurationIsVisible = 0;
		};
/* End XCConfigurationList section */
	};
	rootObject = 21EBD2131CB4E6B2005609D9 /* Project object */;
}
